
Microsoft Visual Studio Solution File, Format Version 12.00
# Visual Studio 15
VisualStudioVersion = 15.0.27004.2005
MinimumVisualStudioVersion = 10.0.40219.1
Project("{888888A0-9F3D-457C-B088-3A5042F75D52}") = "MultiAgentGame", "MultiAgentGame\MultiAgentGame.pyproj", "{A3B02F1D-A8C0-4412-B7BB-1810C7B6ADED}"
EndProject
Global
	GlobalSection(SolutionConfigurationPlatforms) = preSolution
		Debug|Any CPU = Debug|Any CPU
		Release|Any CPU = Release|Any CPU
	EndGlobalSection
	GlobalSection(ProjectConfigurationPlatforms) = postSolution
		{A3B02F1D-A8C0-4412-B7BB-1810C7B6ADED}.Debug|Any CPU.ActiveCfg = Debug|Any CPU
		{A3B02F1D-A8C0-4412-B7BB-1810C7B6ADED}.Release|Any CPU.ActiveCfg = Release|Any CPU
	EndGlobalSection
	GlobalSection(SolutionProperties) = preSolution
		HideSolutionNode = FALSE
	EndGlobalSection
	GlobalSection(ExtensibilityGlobals) = postSolution
		SolutionGuid = {E64B3FBE-B544-4063-8B35-CEFED48E5EF1}
	EndGlobalSection
EndGlobal
